
Microsoft Visual Studio Solution File, Format Version 12.00
# Visual Studio Version 17
VisualStudioVersion = 17.0.31903.59
MinimumVisualStudioVersion = 10.0.40219.1
Project("{2150E333-8FDC-42A3-9474-1A3956D46DE8}") = "backend", "backend", "{1AE8ACA6-933B-BF2A-3671-3E2EAC007D16}"
EndProject
Project("{2150E333-8FDC-42A3-9474-1A3956D46DE8}") = "src", "src", "{0F9113EE-888A-26D2-68B0-4A7D0A2A8745}"
EndProject
Project("{FAE04EC0-301F-11D3-BF4B-00C04F79EFBC}") = "TradeFlow.Api", "backend\src\TradeFlow.Api\TradeFlow.Api.csproj", "{4D50AC77-3835-452E-8685-6608DF121643}"
EndProject
Project("{FAE04EC0-301F-11D3-BF4B-00C04F79EFBC}") = "TradeFlow.BuildingBlocks", "backend\src\TradeFlow.BuildingBlocks\TradeFlow.BuildingBlocks.csproj", "{F85BC07E-53FF-4807-B59A-35F80443C0E1}"
EndProject
Project("{FAE04EC0-301F-11D3-BF4B-00C04F79EFBC}") = "TradeFlow.Modules.Identity", "backend\src\TradeFlow.Modules.Identity\TradeFlow.Modules.Identity.csproj", "{495585EF-C5DC-4432-8194-8A09FC805876}"
EndProject
Project("{FAE04EC0-301F-11D3-BF4B-00C04F79EFBC}") = "TradeFlow.Modules.Organisations", "backend\src\TradeFlow.Modules.Organisations\TradeFlow.Modules.Organisations.csproj", "{A7CC7FE4-6DF5-48B3-9269-E9BE7717D690}"
EndProject
Project("{FAE04EC0-301F-11D3-BF4B-00C04F79EFBC}") = "TradeFlow.Modules.Catalog", "backend\src\TradeFlow.Modules.Catalog\TradeFlow.Modules.Catalog.csproj", "{1FE6F1D2-9D25-4F9F-B86E-4DB374ABD6ED}"
EndProject
Project("{2150E333-8FDC-42A3-9474-1A3956D46DE8}") = "tests", "tests", "{F57642F3-C37C-D174-720E-6A6AAD5BEE22}"
EndProject
Project("{FAE04EC0-301F-11D3-BF4B-00C04F79EFBC}") = "TradeFlow.UnitTests", "backend\tests\TradeFlow.UnitTests\TradeFlow.UnitTests.csproj", "{6059E548-DD3E-403A-90D0-3DA442CFD2D8}"
EndProject
Project("{FAE04EC0-301F-11D3-BF4B-00C04F79EFBC}") = "TradeFlow.IntegrationTests", "backend\tests\TradeFlow.IntegrationTests\TradeFlow.IntegrationTests.csproj", "{FAC20476-245C-4C00-BFC5-4A319F49EBED}"
EndProject
Project("{FAE04EC0-301F-11D3-BF4B-00C04F79EFBC}") = "TradeFlow.ArchitectureTests", "backend\tests\TradeFlow.ArchitectureTests\TradeFlow.ArchitectureTests.csproj", "{53349B62-8D20-45E0-A840-79703561AF17}"
EndProject
Global
	GlobalSection(SolutionConfigurationPlatforms) = preSolution
		Debug|Any CPU = Debug|Any CPU
		Debug|x64 = Debug|x64
		Debug|x86 = Debug|x86
		Release|Any CPU = Release|Any CPU
		Release|x64 = Release|x64
		Release|x86 = Release|x86
	EndGlobalSection
	GlobalSection(ProjectConfigurationPlatforms) = postSolution
		{4D50AC77-3835-452E-8685-6608DF121643}.Debug|Any CPU.ActiveCfg = Debug|Any CPU
		{4D50AC77-3835-452E-8685-6608DF121643}.Debug|Any CPU.Build.0 = Debug|Any CPU
		{4D50AC77-3835-452E-8685-6608DF121643}.Debug|x64.ActiveCfg = Debug|Any CPU
		{4D50AC77-3835-452E-8685-6608DF121643}.Debug|x64.Build.0 = Debug|Any CPU
		{4D50AC77-3835-452E-8685-6608DF121643}.Debug|x86.ActiveCfg = Debug|Any CPU
		{4D50AC77-3835-452E-8685-6608DF121643}.Debug|x86.Build.0 = Debug|Any CPU
		{4D50AC77-3835-452E-8685-6608DF121643}.Release|Any CPU.ActiveCfg = Release|Any CPU
		{4D50AC77-3835-452E-8685-6608DF121643}.Release|Any CPU.Build.0 = Release|Any CPU
		{4D50AC77-3835-452E-8685-6608DF121643}.Release|x64.ActiveCfg = Release|Any CPU
		{4D50AC77-3835-452E-8685-6608DF121643}.Release|x64.Build.0 = Release|Any CPU
		{4D50AC77-3835-452E-8685-6608DF121643}.Release|x86.ActiveCfg = Release|Any CPU
		{4D50AC77-3835-452E-8685-6608DF121643}.Release|x86.Build.0 = Release|Any CPU
		{F85BC07E-53FF-4807-B59A-35F80443C0E1}.Debug|Any CPU.ActiveCfg = Debug|Any CPU
		{F85BC07E-53FF-4807-B59A-35F80443C0E1}.Debug|Any CPU.Build.0 = Debug|Any CPU
		{F85BC07E-53FF-4807-B59A-35F80443C0E1}.Debug|x64.ActiveCfg = Debug|Any CPU
		{F85BC07E-53FF-4807-B59A-35F80443C0E1}.Debug|x64.Build.0 = Debug|Any CPU
		{F85BC07E-53FF-4807-B59A-35F80443C0E1}.Debug|x86.ActiveCfg = Debug|Any CPU
		{F85BC07E-53FF-4807-B59A-35F80443C0E1}.Debug|x86.Build.0 = Debug|Any CPU
		{F85BC07E-53FF-4807-B59A-35F80443C0E1}.Release|Any CPU.ActiveCfg = Release|Any CPU
		{F85BC07E-53FF-4807-B59A-35F80443C0E1}.Release|Any CPU.Build.0 = Release|Any CPU
		{F85BC07E-53FF-4807-B59A-35F80443C0E1}.Release|x64.ActiveCfg = Release|Any CPU
		{F85BC07E-53FF-4807-B59A-35F80443C0E1}.Release|x64.Build.0 = Release|Any CPU
		{F85BC07E-53FF-4807-B59A-35F80443C0E1}.Release|x86.ActiveCfg = Release|Any CPU
		{F85BC07E-53FF-4807-B59A-35F80443C0E1}.Release|x86.Build.0 = Release|Any CPU
		{495585EF-C5DC-4432-8194-8A09FC805876}.Debug|Any CPU.ActiveCfg = Debug|Any CPU
		{495585EF-C5DC-4432-8194-8A09FC805876}.Debug|Any CPU.Build.0 = Debug|Any CPU
		{495585EF-C5DC-4432-8194-8A09FC805876}.Debug|x64.ActiveCfg = Debug|Any CPU
		{495585EF-C5DC-4432-8194-8A09FC805876}.Debug|x64.Build.0 = Debug|Any CPU
		{495585EF-C5DC-4432-8194-8A09FC805876}.Debug|x86.ActiveCfg = Debug|Any CPU
		{495585EF-C5DC-4432-8194-8A09FC805876}.Debug|x86.Build.0 = Debug|Any CPU
		{495585EF-C5DC-4432-8194-8A09FC805876}.Release|Any CPU.ActiveCfg = Release|Any CPU
		{495585EF-C5DC-4432-8194-8A09FC805876}.Release|Any CPU.Build.0 = Release|Any CPU
		{495585EF-C5DC-4432-8194-8A09FC805876}.Release|x64.ActiveCfg = Release|Any CPU
		{495585EF-C5DC-4432-8194-8A09FC805876}.Release|x64.Build.0 = Release|Any CPU
		{495585EF-C5DC-4432-8194-8A09FC805876}.Release|x86.ActiveCfg = Release|Any CPU
		{495585EF-C5DC-4432-8194-8A09FC805876}.Release|x86.Build.0 = Release|Any CPU
		{A7CC7FE4-6DF5-48B3-9269-E9BE7717D690}.Debug|Any CPU.ActiveCfg = Debug|Any CPU
		{A7CC7FE4-6DF5-48B3-9269-E9BE7717D690}.Debug|Any CPU.Build.0 = Debug|Any CPU
		{A7CC7FE4-6DF5-48B3-9269-E9BE7717D690}.Debug|x64.ActiveCfg = Debug|Any CPU
		{A7CC7FE4-6DF5-48B3-9269-E9BE7717D690}.Debug|x64.Build.0 = Debug|Any CPU
		{A7CC7FE4-6DF5-48B3-9269-E9BE7717D690}.Debug|x86.ActiveCfg = Debug|Any CPU
		{A7CC7FE4-6DF5-48B3-9269-E9BE7717D690}.Debug|x86.Build.0 = Debug|Any CPU
		{A7CC7FE4-6DF5-48B3-9269-E9BE7717D690}.Release|Any CPU.ActiveCfg = Release|Any CPU
		{A7CC7FE4-6DF5-48B3-9269-E9BE7717D690}.Release|Any CPU.Build.0 = Release|Any CPU
		{A7CC7FE4-6DF5-48B3-9269-E9BE7717D690}.Release|x64.ActiveCfg = Release|Any CPU
		{A7CC7FE4-6DF5-48B3-9269-E9BE7717D690}.Release|x64.Build.0 = Release|Any CPU
		{A7CC7FE4-6DF5-48B3-9269-E9BE7717D690}.Release|x86.ActiveCfg = Release|Any CPU
		{A7CC7FE4-6DF5-48B3-9269-E9BE7717D690}.Release|x86.Build.0 = Release|Any CPU
		{1FE6F1D2-9D25-4F9F-B86E-4DB374ABD6ED}.Debug|Any CPU.ActiveCfg = Debug|Any CPU
		{1FE6F1D2-9D25-4F9F-B86E-4DB374ABD6ED}.Debug|Any CPU.Build.0 = Debug|Any CPU
		{1FE6F1D2-9D25-4F9F-B86E-4DB374ABD6ED}.Debug|x64.ActiveCfg = Debug|Any CPU
		{1FE6F1D2-9D25-4F9F-B86E-4DB374ABD6ED}.Debug|x64.Build.0 = Debug|Any CPU
		{1FE6F1D2-9D25-4F9F-B86E-4DB374ABD6ED}.Debug|x86.ActiveCfg = Debug|Any CPU
		{1FE6F1D2-9D25-4F9F-B86E-4DB374ABD6ED}.Debug|x86.Build.0 = Debug|Any CPU
		{1FE6F1D2-9D25-4F9F-B86E-4DB374ABD6ED}.Release|Any CPU.ActiveCfg = Release|Any CPU
		{1FE6F1D2-9D25-4F9F-B86E-4DB374ABD6ED}.Release|Any CPU.Build.0 = Release|Any CPU
		{1FE6F1D2-9D25-4F9F-B86E-4DB374ABD6ED}.Release|x64.ActiveCfg = Release|Any CPU
		{1FE6F1D2-9D25-4F9F-B86E-4DB374ABD6ED}.Release|x64.Build.0 = Release|Any CPU
		{1FE6F1D2-9D25-4F9F-B86E-4DB374ABD6ED}.Release|x86.ActiveCfg = Release|Any CPU
		{1FE6F1D2-9D25-4F9F-B86E-4DB374ABD6ED}.Release|x86.Build.0 = Release|Any CPU
		{6059E548-DD3E-403A-90D0-3DA442CFD2D8}.Debug|Any CPU.ActiveCfg = Debug|Any CPU
		{6059E548-DD3E-403A-90D0-3DA442CFD2D8}.Debug|Any CPU.Build.0 = Debug|Any CPU
		{6059E548-DD3E-403A-90D0-3DA442CFD2D8}.Debug|x64.ActiveCfg = Debug|Any CPU
		{6059E548-DD3E-403A-90D0-3DA442CFD2D8}.Debug|x64.Build.0 = Debug|Any CPU
		{6059E548-DD3E-403A-90D0-3DA442CFD2D8}.Debug|x86.ActiveCfg = Debug|Any CPU
		{6059E548-DD3E-403A-90D0-3DA442CFD2D8}.Debug|x86.Build.0 = Debug|Any CPU
		{6059E548-DD3E-403A-90D0-3DA442CFD2D8}.Release|Any CPU.ActiveCfg = Release|Any CPU
		{6059E548-DD3E-403A-90D0-3DA442CFD2D8}.Release|Any CPU.Build.0 = Release|Any CPU
		{6059E548-DD3E-403A-90D0-3DA442CFD2D8}.Release|x64.ActiveCfg = Release|Any CPU
		{6059E548-DD3E-403A-90D0-3DA442CFD2D8}.Release|x64.Build.0 = Release|Any CPU
		{6059E548-DD3E-403A-90D0-3DA442CFD2D8}.Release|x86.ActiveCfg = Release|Any CPU
		{6059E548-DD3E-403A-90D0-3DA442CFD2D8}.Release|x86.Build.0 = Release|Any CPU
		{FAC20476-245C-4C00-BFC5-4A319F49EBED}.Debug|Any CPU.ActiveCfg = Debug|Any CPU
		{FAC20476-245C-4C00-BFC5-4A319F49EBED}.Debug|Any CPU.Build.0 = Debug|Any CPU
		{FAC20476-245C-4C00-BFC5-4A319F49EBED}.Debug|x64.ActiveCfg = Debug|Any CPU
		{FAC20476-245C-4C00-BFC5-4A319F49EBED}.Debug|x64.Build.0 = Debug|Any CPU
		{FAC20476-245C-4C00-BFC5-4A319F49EBED}.Debug|x86.ActiveCfg = Debug|Any CPU
		{FAC20476-245C-4C00-BFC5-4A319F49EBED}.Debug|x86.Build.0 = Debug|Any CPU
		{FAC20476-245C-4C00-BFC5-4A319F49EBED}.Release|Any CPU.ActiveCfg = Release|Any CPU
		{FAC20476-245C-4C00-BFC5-4A319F49EBED}.Release|Any CPU.Build.0 = Release|Any CPU
		{FAC20476-245C-4C00-BFC5-4A319F49EBED}.Release|x64.ActiveCfg = Release|Any CPU
		{FAC20476-245C-4C00-BFC5-4A319F49EBED}.Release|x64.Build.0 = Release|Any CPU
		{FAC20476-245C-4C00-BFC5-4A319F49EBED}.Release|x86.ActiveCfg = Release|Any CPU
		{FAC20476-245C-4C00-BFC5-4A319F49EBED}.Release|x86.Build.0 = Release|Any CPU
		{53349B62-8D20-45E0-A840-79703561AF17}.Debug|Any CPU.ActiveCfg = Debug|Any CPU
		{53349B62-8D20-45E0-A840-79703561AF17}.Debug|Any CPU.Build.0 = Debug|Any CPU
		{53349B62-8D20-45E0-A840-79703561AF17}.Debug|x64.ActiveCfg = Debug|Any CPU
		{53349B62-8D20-45E0-A840-79703561AF17}.Debug|x64.Build.0 = Debug|Any CPU
		{53349B62-8D20-45E0-A840-79703561AF17}.Debug|x86.ActiveCfg = Debug|Any CPU
		{53349B62-8D20-45E0-A840-79703561AF17}.Debug|x86.Build.0 = Debug|Any CPU
		{53349B62-8D20-45E0-A840-79703561AF17}.Release|Any CPU.ActiveCfg = Release|Any CPU
		{53349B62-8D20-45E0-A840-79703561AF17}.Release|Any CPU.Build.0 = Release|Any CPU
		{53349B62-8D20-45E0-A840-79703561AF17}.Release|x64.ActiveCfg = Release|Any CPU
		{53349B62-8D20-45E0-A840-79703561AF17}.Release|x64.Build.0 = Release|Any CPU
		{53349B62-8D20-45E0-A840-79703561AF17}.Release|x86.ActiveCfg = Release|Any CPU
		{53349B62-8D20-45E0-A840-79703561AF17}.Release|x86.Build.0 = Release|Any CPU
	EndGlobalSection
	GlobalSection(SolutionProperties) = preSolution
		HideSolutionNode = FALSE
	EndGlobalSection
	GlobalSection(NestedProjects) = preSolution
		{0F9113EE-888A-26D2-68B0-4A7D0A2A8745} = {1AE8ACA6-933B-BF2A-3671-3E2EAC007D16}
		{4D50AC77-3835-452E-8685-6608DF121643} = {0F9113EE-888A-26D2-68B0-4A7D0A2A8745}
		{F85BC07E-53FF-4807-B59A-35F80443C0E1} = {0F9113EE-888A-26D2-68B0-4A7D0A2A8745}
		{495585EF-C5DC-4432-8194-8A09FC805876} = {0F9113EE-888A-26D2-68B0-4A7D0A2A8745}
		{A7CC7FE4-6DF5-48B3-9269-E9BE7717D690} = {0F9113EE-888A-26D2-68B0-4A7D0A2A8745}
		{1FE6F1D2-9D25-4F9F-B86E-4DB374ABD6ED} = {0F9113EE-888A-26D2-68B0-4A7D0A2A8745}
		{F57642F3-C37C-D174-720E-6A6AAD5BEE22} = {1AE8ACA6-933B-BF2A-3671-3E2EAC007D16}
		{6059E548-DD3E-403A-90D0-3DA442CFD2D8} = {F57642F3-C37C-D174-720E-6A6AAD5BEE22}
		{FAC20476-245C-4C00-BFC5-4A319F49EBED} = {F57642F3-C37C-D174-720E-6A6AAD5BEE22}
		{53349B62-8D20-45E0-A840-79703561AF17} = {F57642F3-C37C-D174-720E-6A6AAD5BEE22}
	EndGlobalSection
EndGlobal
